
Microsoft Visual Studio Solution File, Format Version 12.00
# Visual Studio Version 16
VisualStudioVersion = 16.0.31005.135
MinimumVisualStudioVersion = 10.0.40219.1
Project("{FAE04EC0-301F-11D3-BF4B-00C04F79EFBC}") = "4915M_project", "4915M_project\4915M_project.csproj", "{E0AD98C6-6931-43E0-828D-D81B23B81688}"
EndProject
Global
	GlobalSection(SolutionConfigurationPlatforms) = preSolution
		Debug|Any CPU = Debug|Any CPU
		Release|Any CPU = Release|Any CPU
	EndGlobalSection
	GlobalSection(ProjectConfigurationPlatforms) = postSolution
		{E0AD98C6-6931-43E0-828D-D81B23B81688}.Debug|Any CPU.ActiveCfg = Debug|Any CPU
		{E0AD98C6-6931-43E0-828D-D81B23B81688}.Debug|Any CPU.Build.0 = Debug|Any CPU
		{E0AD98C6-6931-43E0-828D-D81B23B81688}.Release|Any CPU.ActiveCfg = Release|Any CPU
		{E0AD98C6-6931-43E0-828D-D81B23B81688}.Release|Any CPU.Build.0 = Release|Any CPU
	EndGlobalSection
	GlobalSection(SolutionProperties) = preSolution
		HideSolutionNode = FALSE
	EndGlobalSection
	GlobalSection(ExtensibilityGlobals) = postSolution
		SolutionGuid = {A1574EC8-7FAE-46B0-8E63-4312C9F78BED}
	EndGlobalSection
EndGlobal
